{
  "version": 4,
  "terraform_version": "1.14.8",
  "serial": 13,
  "lineage": "493d168e-5c14-ca3c-ab2d-137898260721",
  "outputs": {},
  "resources": [
    {
      "mode": "managed",
      "type": "local_file",
      "name": "example",
      "provider": "provider[\"registry.terraform.io/hashicorp/local\"]",
      "instances": [
        {
          "schema_version": 0,
          "attributes": {
            "content": "Hello from Terraform 🚀. Saaaa fdfdgdgdgdg Test.  01",
            "content_base64": null,
            "content_base64sha256": "eVZKaM7Ph3sOS4j5GXBpqmqRVV+w/ORnFRguHIT1mqs=",
            "content_base64sha512": "mhZy9W7PgdEP3B7QpPw9p01mAFCC7JgntZQB+gLDXoeaaIwt0PMx7qUilCdooGPmtp3hvUAMMzCnfkMNkZu9iA==",
            "content_md5": "74357aff365e19911f086f82b1bcb60a",
            "content_sha1": "ebaea4471be61d22ac8b68a9bac454469bb5ccd8",
            "content_sha256": "79564a68cecf877b0e4b88f9197069aa6a91555fb0fce46715182e1c84f59aab",
            "content_sha512": "9a1672f56ecf81d10fdc1ed0a4fc3da74d66005082ec9827b59401fa02c35e879a688c2dd0f331eea522942768a063e6b69de1bd400c3330a77e430d919bbd88",
            "directory_permission": "0777",
            "file_permission": "0777",
            "filename": "hello.txt",
            "id": "ebaea4471be61d22ac8b68a9bac454469bb5ccd8",
            "sensitive_content": null,
            "source": null
          },
          "sensitive_attributes": [
            [
              {
                "type": "get_attr",
                "value": "sensitive_content"
              }
            ]
          ],
          "identity_schema_version": 0
        }
      ]
    }
  ],
  "check_results": null
}
