{
  "version": 4,
  "terraform_version": "1.14.8",
  "serial": 10,
  "lineage": "493d168e-5c14-ca3c-ab2d-137898260721",
  "outputs": {},
  "resources": [
    {
      "mode": "managed",
      "type": "local_file",
      "name": "example",
      "provider": "provider[\"registry.terraform.io/hashicorp/local\"]",
      "instances": [
        {
          "schema_version": 0,
          "attributes": {
            "content": "Hello from Terraform 🚀. Saaaa fdfdgdgdgdg Test",
            "content_base64": null,
            "content_base64sha256": "TQPwqTcW13Dwa1IAw6ebOUJ/ugPLAXguVufXJkE4ep8=",
            "content_base64sha512": "DuNZ7sAwgokNjbJYWJRMcLH/3wYsWbIramTPd/G881YnAU11fAmq2GrHJhHkCzwzUZEOGoKyl2SIgpRgaVNHig==",
            "content_md5": "29246aa75ea64b60655a6d892327e006",
            "content_sha1": "cb77f4fed326e5cce7f62713278e3fe2e32a5a90",
            "content_sha256": "4d03f0a93716d770f06b5200c3a79b39427fba03cb01782e56e7d72641387a9f",
            "content_sha512": "0ee359eec03082890d8db25858944c70b1ffdf062c59b22b6a64cf77f1bcf35627014d757c09aad86ac72611e40b3c3351910e1a82b29764888294606953478a",
            "directory_permission": "0777",
            "file_permission": "0777",
            "filename": "hello.txt",
            "id": "cb77f4fed326e5cce7f62713278e3fe2e32a5a90",
            "sensitive_content": null,
            "source": null
          },
          "sensitive_attributes": [
            [
              {
                "type": "get_attr",
                "value": "sensitive_content"
              }
            ]
          ],
          "identity_schema_version": 0
        }
      ]
    }
  ],
  "check_results": null
}
